{
  "nodes": {
    "flake-utils": {
      "inputs": {
        "systems": "systems"
      },
      "locked": {
        "lastModified": 1731533236,
        "narHash": "sha256-l0KFg5HjrsfsO/JpG+r7fRrqm12kzFHyUHqHCVpMMbI=",
        "owner": "numtide",
        "repo": "flake-utils",
        "rev": "11707dc2f618dd54ca8739b309ec4fc024de578b",
        "type": "github"
      },
      "original": {
        "owner": "numtide",
        "repo": "flake-utils",
        "type": "github"
      }
    },
    "nix2zon": {
      "inputs": {
        "nixpkgs-lib": "nixpkgs-lib"
      },
      "locked": {
        "lastModified": 1765560151,
        "narHash": "sha256-izsN6LyrPrj7szoZh09EBptrC/BjPxYC79aQKGhXOOg=",
        "owner": "ninofaivre",
        "repo": "nix2zon",
        "rev": "ef412aca4f36ca271750bd594e3c1e7678c18c77",
        "type": "github"
      },
      "original": {
        "owner": "ninofaivre",
        "repo": "nix2zon",
        "type": "github"
      }
    },
    "nixpkgs": {
      "locked": {
        "lastModified": 1764196170,
        "narHash": "sha256-0hidDPX3AbVtyeX5ZIyYWgjeiw6MwfWDdrwM4QiAmbE=",
        "owner": "NixOS",
        "repo": "nixpkgs",
        "rev": "45cf8338f87368c430bb063dd13f2d3006b0a9b6",
        "type": "github"
      },
      "original": {
        "id": "nixpkgs",
        "ref": "release-25.05",
        "type": "indirect"
      }
    },
    "nixpkgs-lib": {
      "locked": {
        "lastModified": 1765070080,
        "narHash": "sha256-5D1Mcm2dQ1aPzQ0sbXluHVUHququ8A7PKJd7M3eI9+E=",
        "owner": "nix-community",
        "repo": "nixpkgs.lib",
        "rev": "e0cad9791b0c168931ae562977703b72d9360836",
        "type": "github"
      },
      "original": {
        "owner": "nix-community",
        "repo": "nixpkgs.lib",
        "type": "github"
      }
    },
    "nixpkgs_2": {
      "locked": {
        "lastModified": 1764120032,
        "narHash": "sha256-aNyWJ8OrctYZ8+4j/QYs8v+VJdl/gXJFMRsyerEjxLg=",
        "owner": "nixos",
        "repo": "nixpkgs",
        "rev": "2fdc81fca43cb3cd7492e5928bd144fdbe8e09ae",
        "type": "github"
      },
      "original": {
        "owner": "nixos",
        "repo": "nixpkgs",
        "type": "github"
      }
    },
    "root": {
      "inputs": {
        "nix2zon": "nix2zon",
        "nixpkgs": "nixpkgs",
        "zig2nix": "zig2nix"
      }
    },
    "systems": {
      "locked": {
        "lastModified": 1681028828,
        "narHash": "sha256-Vy1rq5AaRuLzOxct8nz4T6wlgyUR7zLU309k9mBC768=",
        "owner": "nix-systems",
        "repo": "default",
        "rev": "da67096a3b9bf56a91d16901293e51ba5b49a27e",
        "type": "github"
      },
      "original": {
        "owner": "nix-systems",
        "repo": "default",
        "type": "github"
      }
    },
    "zig2nix": {
      "inputs": {
        "flake-utils": "flake-utils",
        "nixpkgs": "nixpkgs_2"
      },
      "locked": {
        "lastModified": 1764159071,
        "narHash": "sha256-chWQ1i+VShcltfxkItTjDvSa4FlCxvn5SPL7qDOEx4g=",
        "owner": "Cloudef",
        "repo": "zig2nix",
        "rev": "6d165c522f0a05cc2a8d1a2e9d6badafdfec972e",
        "type": "github"
      },
      "original": {
        "owner": "Cloudef",
        "repo": "zig2nix",
        "type": "github"
      }
    }
  },
  "root": "root",
  "version": 7
}
