{
  "nodes": {
    "nix2zon": {
      "inputs": {
        "nixpkgs": "nixpkgs"
      },
      "locked": {
        "lastModified": 1750258947,
        "narHash": "sha256-G0U9v9ErfGbdFBSBxRrYAwjt+EssnH26RBHJdhFyqZ8=",
        "owner": "ninofaivre",
        "repo": "nix2zon",
        "rev": "61a7aeb5d05ddb1e7e67004b1151468e9b288674",
        "type": "github"
      },
      "original": {
        "owner": "ninofaivre",
        "repo": "nix2zon",
        "type": "github"
      }
    },
    "nixpkgs": {
      "locked": {
        "lastModified": 1750122687,
        "narHash": "sha256-zcGClfkXh4pckf4aGOZ18GFv73n1xHbdMWl17cPLouE=",
        "owner": "NixOS",
        "repo": "nixpkgs",
        "rev": "c539ae8d21e49776966d714f82fba33b1fca78bc",
        "type": "github"
      },
      "original": {
        "id": "nixpkgs",
        "type": "indirect"
      }
    },
    "nixpkgs_2": {
      "locked": {
        "lastModified": 1750426883,
        "narHash": "sha256-DkTqyzO/S/4qGoaDlCik6Z29dQtbCL5QJX5bxOxIKvg=",
        "owner": "NixOS",
        "repo": "nixpkgs",
        "rev": "b6f372e59ad37db279de732631862a43e1feda53",
        "type": "github"
      },
      "original": {
        "id": "nixpkgs",
        "ref": "release-25.05",
        "type": "indirect"
      }
    },
    "root": {
      "inputs": {
        "nix2zon": "nix2zon",
        "nixpkgs": "nixpkgs_2"
      }
    }
  },
  "root": "root",
  "version": 7
}
