{
  "nodes": {
    "flake-utils": {
      "inputs": {
        "systems": "systems"
      },
      "locked": {
        "lastModified": 1731533236,
        "narHash": "sha256-l0KFg5HjrsfsO/JpG+r7fRrqm12kzFHyUHqHCVpMMbI=",
        "owner": "numtide",
        "repo": "flake-utils",
        "rev": "11707dc2f618dd54ca8739b309ec4fc024de578b",
        "type": "github"
      },
      "original": {
        "owner": "numtide",
        "repo": "flake-utils",
        "type": "github"
      }
    },
    "nix2zon": {
      "inputs": {
        "nixpkgs-lib": "nixpkgs-lib"
      },
      "locked": {
        "lastModified": 1751187863,
        "narHash": "sha256-eGvLtOSOMSNHCpxBgIs5aOgGgYy0viXwmWPlCDdxPVc=",
        "owner": "ninofaivre",
        "repo": "nix2zon",
        "rev": "4bdd3682e394ede115b6f602357dc1fc7b7dd1b6",
        "type": "github"
      },
      "original": {
        "owner": "ninofaivre",
        "repo": "nix2zon",
        "type": "github"
      }
    },
    "nixpkgs": {
      "locked": {
        "lastModified": 1754235511,
        "narHash": "sha256-U7a/PXbIFTA6qQGyEiHfkUaKRfPQbuoaIFJUGI5mG1o=",
        "owner": "NixOS",
        "repo": "nixpkgs",
        "rev": "070dd0f2c46abbfab70aae9b0edf6aaf54e51c35",
        "type": "github"
      },
      "original": {
        "id": "nixpkgs",
        "ref": "release-25.05",
        "type": "indirect"
      }
    },
    "nixpkgs-lib": {
      "locked": {
        "lastModified": 1751159883,
        "narHash": "sha256-urW/Ylk9FIfvXfliA1ywh75yszAbiTEVgpPeinFyVZo=",
        "owner": "nix-community",
        "repo": "nixpkgs.lib",
        "rev": "14a40a1d7fb9afa4739275ac642ed7301a9ba1ab",
        "type": "github"
      },
      "original": {
        "owner": "nix-community",
        "repo": "nixpkgs.lib",
        "type": "github"
      }
    },
    "nixpkgs_2": {
      "locked": {
        "lastModified": 1754182383,
        "narHash": "sha256-hON5G3ENyUGUpqImXT+Ag7TWbBsfthwqxMcAw8EiKw8=",
        "owner": "nixos",
        "repo": "nixpkgs",
        "rev": "e960e6e1dc689e2b5fe9e3ee824fc12860d9f27c",
        "type": "github"
      },
      "original": {
        "owner": "nixos",
        "repo": "nixpkgs",
        "type": "github"
      }
    },
    "root": {
      "inputs": {
        "nix2zon": "nix2zon",
        "nixpkgs": "nixpkgs",
        "zig2nix": "zig2nix"
      }
    },
    "systems": {
      "locked": {
        "lastModified": 1681028828,
        "narHash": "sha256-Vy1rq5AaRuLzOxct8nz4T6wlgyUR7zLU309k9mBC768=",
        "owner": "nix-systems",
        "repo": "default",
        "rev": "da67096a3b9bf56a91d16901293e51ba5b49a27e",
        "type": "github"
      },
      "original": {
        "owner": "nix-systems",
        "repo": "default",
        "type": "github"
      }
    },
    "zig2nix": {
      "inputs": {
        "flake-utils": "flake-utils",
        "nixpkgs": "nixpkgs_2"
      },
      "locked": {
        "lastModified": 1754186927,
        "narHash": "sha256-J5j51Z+JURctnE6OayklWNlHi1Dc+YYkjwZM6B93l1o=",
        "owner": "Cloudef",
        "repo": "zig2nix",
        "rev": "5c6ca14422f5844043840c090d9d8c9b27aa1437",
        "type": "github"
      },
      "original": {
        "owner": "Cloudef",
        "repo": "zig2nix",
        "type": "github"
      }
    }
  },
  "root": "root",
  "version": 7
}
